// !$*UTF8*$!
{
	archiveVersion = 1;
	classes = {
	};
	objectVersion = 46;
	objects = {

/* Begin PBXBuildFile section */
		65409B3B1BF32BCA005E2F2C /* WaterFallFlowViewController.m in Sources */ = {isa = PBXBuildFile; fileRef = 65409B3A1BF32BCA005E2F2C /* WaterFallFlowViewController.m */; };
		65409B3E1BF32BE7005E2F2C /* LoginViewController.m in Sources */ = {isa = PBXBuildFile; fileRef = 65409B3D1BF32BE7005E2F2C /* LoginViewController.m */; };
		6568DA101BAEED7A005DF5FE /* main.m in Sources */ = {isa = PBXBuildFile; fileRef = 6568DA0F1BAEED7A005DF5FE /* main.m */; };
		6568DA131BAEED7A005DF5FE /* AppDelegate.m in Sources */ = {isa = PBXBuildFile; fileRef = 6568DA121BAEED7A005DF5FE /* AppDelegate.m */; };
		6568DA161BAEED7A005DF5FE /* NewProject_9_20.xcdatamodeld in Sources */ = {isa = PBXBuildFile; fileRef = 6568DA141BAEED7A005DF5FE /* NewProject_9_20.xcdatamodeld */; };
		6568DA191BAEED7A005DF5FE /* ViewController.m in Sources */ = {isa = PBXBuildFile; fileRef = 6568DA181BAEED7A005DF5FE /* ViewController.m */; };
		6568DA1C1BAEED7A005DF5FE /* Main.storyboard in Resources */ = {isa = PBXBuildFile; fileRef = 6568DA1A1BAEED7A005DF5FE /* Main.storyboard */; };
		6568DA1E1BAEED7A005DF5FE /* Images.xcassets in Resources */ = {isa = PBXBuildFile; fileRef = 6568DA1D1BAEED7A005DF5FE /* Images.xcassets */; };
		6568DA2D1BAEED7A005DF5FE /* NewProject_9_20Tests.m in Sources */ = {isa = PBXBuildFile; fileRef = 6568DA2C1BAEED7A005DF5FE /* NewProject_9_20Tests.m */; };
		65A944E01BCBA4650071FEAB /* LoadingView.m in Sources */ = {isa = PBXBuildFile; fileRef = 65A944DF1BCBA4650071FEAB /* LoadingView.m */; };
		65A944E51BCBAB770071FEAB /* whiteCall.png in Resources */ = {isa = PBXBuildFile; fileRef = 65A944E31BCBAB770071FEAB /* whiteCall.png */; };
		65A944EA1BCBBCA60071FEAB /* 1.png in Resources */ = {isa = PBXBuildFile; fileRef = 65A944E81BCBBCA60071FEAB /* 1.png */; };
		65A944EB1BCBBCA60071FEAB /* blueCall.jpg in Resources */ = {isa = PBXBuildFile; fileRef = 65A944E91BCBBCA60071FEAB /* blueCall.jpg */; };
		65A944EE1BCBBFB50071FEAB /* pull_refresh_arrow_highlight@2x.png in Resources */ = {isa = PBXBuildFile; fileRef = 65A944EC1BCBBFB50071FEAB /* pull_refresh_arrow_highlight@2x.png */; };
		65A944EF1BCBBFB50071FEAB /* pull_refresh_arrow@2x.png in Resources */ = {isa = PBXBuildFile; fileRef = 65A944ED1BCBBFB50071FEAB /* pull_refresh_arrow@2x.png */; };
		65D4889B1C0FDA29001B4D60 /* waterFallCollectionViewCell.xib in Resources */ = {isa = PBXBuildFile; fileRef = 65D4889A1C0FDA29001B4D60 /* waterFallCollectionViewCell.xib */; };
		65D4889E1C101098001B4D60 /* CalculatorViewController.m in Sources */ = {isa = PBXBuildFile; fileRef = 65D4889D1C101098001B4D60 /* CalculatorViewController.m */; };
		65D488A11C101228001B4D60 /* ImageManager.m in Sources */ = {isa = PBXBuildFile; fileRef = 65D488A01C101228001B4D60 /* ImageManager.m */; };
		65D488A41C102A7D001B4D60 /* PhotosViewController.m in Sources */ = {isa = PBXBuildFile; fileRef = 65D488A31C102A7D001B4D60 /* PhotosViewController.m */; };
		65D488A71C104387001B4D60 /* CoreDataManager.m in Sources */ = {isa = PBXBuildFile; fileRef = 65D488A61C104387001B4D60 /* CoreDataManager.m */; };
		65D488B11C104C56001B4D60 /* Photo+CoreDataProperties.m in Sources */ = {isa = PBXBuildFile; fileRef = 65D488AE1C104C56001B4D60 /* Photo+CoreDataProperties.m */; };
		65D488B21C104C56001B4D60 /* Photo.m in Sources */ = {isa = PBXBuildFile; fileRef = 65D488B01C104C56001B4D60 /* Photo.m */; };
		65D8FF8B1BF3273B00211001 /* LoginManager.m in Sources */ = {isa = PBXBuildFile; fileRef = 65D8FF8A1BF3273B00211001 /* LoginManager.m */; };
		65E3A3A01C0D700D000CDE67 /* RegistrationView.m in Sources */ = {isa = PBXBuildFile; fileRef = 65E3A39F1C0D700D000CDE67 /* RegistrationView.m */; };
		65E3A3C21C0D70E3000CDE67 /* File in Resources */ = {isa = PBXBuildFile; fileRef = 65E3A3A81C0D70E3000CDE67 /* File */; };
		65E3A3C31C0D70E3000CDE67 /* MASCompositeConstraint.m in Sources */ = {isa = PBXBuildFile; fileRef = 65E3A3AA1C0D70E3000CDE67 /* MASCompositeConstraint.m */; };
		65E3A3C41C0D70E3000CDE67 /* MASConstraint.m in Sources */ = {isa = PBXBuildFile; fileRef = 65E3A3AC1C0D70E3000CDE67 /* MASConstraint.m */; };
		65E3A3C51C0D70E3000CDE67 /* MASConstraintMaker.m in Sources */ = {isa = PBXBuildFile; fileRef = 65E3A3AF1C0D70E3000CDE67 /* MASConstraintMaker.m */; };
		65E3A3C61C0D70E3000CDE67 /* MASLayoutConstraint.m in Sources */ = {isa = PBXBuildFile; fileRef = 65E3A3B11C0D70E3000CDE67 /* MASLayoutConstraint.m */; };
		65E3A3C71C0D70E3000CDE67 /* MASViewAttribute.m in Sources */ = {isa = PBXBuildFile; fileRef = 65E3A3B51C0D70E3000CDE67 /* MASViewAttribute.m */; };
		65E3A3C81C0D70E3000CDE67 /* MASViewConstraint.m in Sources */ = {isa = PBXBuildFile; fileRef = 65E3A3B71C0D70E3000CDE67 /* MASViewConstraint.m */; };
		65E3A3C91C0D70E3000CDE67 /* NSArray+MASAdditions.m in Sources */ = {isa = PBXBuildFile; fileRef = 65E3A3B91C0D70E3000CDE67 /* NSArray+MASAdditions.m */; };
		65E3A3CA1C0D70E3000CDE67 /* NSLayoutConstraint+MASDebugAdditions.m in Sources */ = {isa = PBXBuildFile; fileRef = 65E3A3BC1C0D70E3000CDE67 /* NSLayoutConstraint+MASDebugAdditions.m */; };
		65E3A3CB1C0D70E3000CDE67 /* View+MASAdditions.m in Sources */ = {isa = PBXBuildFile; fileRef = 65E3A3BE1C0D70E3000CDE67 /* View+MASAdditions.m */; };
		65E3A3CC1C0D70E3000CDE67 /* ViewController+MASAdditions.m in Sources */ = {isa = PBXBuildFile; fileRef = 65E3A3C11C0D70E3000CDE67 /* ViewController+MASAdditions.m */; };
		65E3A3CF1C0D8ABF000CDE67 /* ChatViewController.m in Sources */ = {isa = PBXBuildFile; fileRef = 65E3A3CE1C0D8ABF000CDE67 /* ChatViewController.m */; };
		65E3A3D21C0D8B5C000CDE67 /* SettingViewControler.m in Sources */ = {isa = PBXBuildFile; fileRef = 65E3A3D11C0D8B5C000CDE67 /* SettingViewControler.m */; };
		65E3A3D51C0D98B9000CDE67 /* WaterFallView.m in Sources */ = {isa = PBXBuildFile; fileRef = 65E3A3D41C0D98B9000CDE67 /* WaterFallView.m */; };
		65E3A3DB1C0D9FFE000CDE67 /* waterFallCollectionViewCell.m in Sources */ = {isa = PBXBuildFile; fileRef = 65E3A3DA1C0D9FFE000CDE67 /* waterFallCollectionViewCell.m */; };
/* End PBXBuildFile section */

/* Begin PBXContainerItemProxy section */
		6568DA271BAEED7A005DF5FE /* PBXContainerItemProxy */ = {
			isa = PBXContainerItemProxy;
			containerPortal = 6568DA021BAEED7A005DF5FE /* Project object */;
			proxyType = 1;
			remoteGlobalIDString = 6568DA091BAEED7A005DF5FE;
			remoteInfo = NewProject_9.20;
		};
/* End PBXContainerItemProxy section */

/* Begin PBXFileReference section */
		65409B391BF32BCA005E2F2C /* WaterFallFlowViewController.h */ = {isa = PBXFileReference; fileEncoding = 4; lastKnownFileType = sourcecode.c.h; path = WaterFallFlowViewController.h; sourceTree = "<group>"; };
		65409B3A1BF32BCA005E2F2C /* WaterFallFlowViewController.m */ = {isa = PBXFileReference; fileEncoding = 4; lastKnownFileType = sourcecode.c.objc; path = WaterFallFlowViewController.m; sourceTree = "<group>"; };
		65409B3C1BF32BE7005E2F2C /* LoginViewController.h */ = {isa = PBXFileReference; fileEncoding = 4; lastKnownFileType = sourcecode.c.h; path = LoginViewController.h; sourceTree = "<group>"; };
		65409B3D1BF32BE7005E2F2C /* LoginViewController.m */ = {isa = PBXFileReference; fileEncoding = 4; lastKnownFileType = sourcecode.c.objc; path = LoginViewController.m; sourceTree = "<group>"; };
		6568DA0A1BAEED7A005DF5FE /* NewProject_9.20.app */ = {isa = PBXFileReference; explicitFileType = wrapper.application; includeInIndex = 0; path = NewProject_9.20.app; sourceTree = BUILT_PRODUCTS_DIR; };
		6568DA0E1BAEED7A005DF5FE /* Info.plist */ = {isa = PBXFileReference; lastKnownFileType = text.plist.xml; path = Info.plist; sourceTree = "<group>"; };
		6568DA0F1BAEED7A005DF5FE /* main.m */ = {isa = PBXFileReference; lastKnownFileType = sourcecode.c.objc; path = main.m; sourceTree = "<group>"; };
		6568DA111BAEED7A005DF5FE /* AppDelegate.h */ = {isa = PBXFileReference; lastKnownFileType = sourcecode.c.h; path = AppDelegate.h; sourceTree = "<group>"; };
		6568DA121BAEED7A005DF5FE /* AppDelegate.m */ = {isa = PBXFileReference; lastKnownFileType = sourcecode.c.objc; path = AppDelegate.m; sourceTree = "<group>"; };
		6568DA151BAEED7A005DF5FE /* NewProject_9_20.xcdatamodel */ = {isa = PBXFileReference; lastKnownFileType = wrapper.xcdatamodel; path = NewProject_9_20.xcdatamodel; sourceTree = "<group>"; };
		6568DA171BAEED7A005DF5FE /* ViewController.h */ = {isa = PBXFileReference; lastKnownFileType = sourcecode.c.h; path = ViewController.h; sourceTree = "<group>"; };
		6568DA181BAEED7A005DF5FE /* ViewController.m */ = {isa = PBXFileReference; lastKnownFileType = sourcecode.c.objc; path = ViewController.m; sourceTree = "<group>"; };
		6568DA1B1BAEED7A005DF5FE /* Base */ = {isa = PBXFileReference; lastKnownFileType = file.storyboard; name = Base; path = Base.lproj/Main.storyboard; sourceTree = "<group>"; };
		6568DA1D1BAEED7A005DF5FE /* Images.xcassets */ = {isa = PBXFileReference; lastKnownFileType = folder.assetcatalog; path = Images.xcassets; sourceTree = "<group>"; };
		6568DA261BAEED7A005DF5FE /* NewProject_9.20Tests.xctest */ = {isa = PBXFileReference; explicitFileType = wrapper.cfbundle; includeInIndex = 0; path = NewProject_9.20Tests.xctest; sourceTree = BUILT_PRODUCTS_DIR; };
		6568DA2B1BAEED7A005DF5FE /* Info.plist */ = {isa = PBXFileReference; lastKnownFileType = text.plist.xml; path = Info.plist; sourceTree = "<group>"; };
		6568DA2C1BAEED7A005DF5FE /* NewProject_9_20Tests.m */ = {isa = PBXFileReference; lastKnownFileType = sourcecode.c.objc; path = NewProject_9_20Tests.m; sourceTree = "<group>"; };
		65A944DE1BCBA4650071FEAB /* LoadingView.h */ = {isa = PBXFileReference; fileEncoding = 4; lastKnownFileType = sourcecode.c.h; path = LoadingView.h; sourceTree = "<group>"; };
		65A944DF1BCBA4650071FEAB /* LoadingView.m */ = {isa = PBXFileReference; fileEncoding = 4; lastKnownFileType = sourcecode.c.objc; path = LoadingView.m; sourceTree = "<group>"; };
		65A944E31BCBAB770071FEAB /* whiteCall.png */ = {isa = PBXFileReference; lastKnownFileType = image.png; name = whiteCall.png; path = Img/whiteCall.png; sourceTree = SOURCE_ROOT; };
		65A944E81BCBBCA60071FEAB /* 1.png */ = {isa = PBXFileReference; lastKnownFileType = image.png; name = 1.png; path = Img/1.png; sourceTree = SOURCE_ROOT; };
		65A944E91BCBBCA60071FEAB /* blueCall.jpg */ = {isa = PBXFileReference; lastKnownFileType = image.jpeg; name = blueCall.jpg; path = Img/blueCall.jpg; sourceTree = SOURCE_ROOT; };
		65A944EC1BCBBFB50071FEAB /* pull_refresh_arrow_highlight@2x.png */ = {isa = PBXFileReference; lastKnownFileType = image.png; name = "pull_refresh_arrow_highlight@2x.png"; path = "Img/pull_refresh_arrow_highlight@2x.png"; sourceTree = SOURCE_ROOT; };
		65A944ED1BCBBFB50071FEAB /* pull_refresh_arrow@2x.png */ = {isa = PBXFileReference; lastKnownFileType = image.png; name = "pull_refresh_arrow@2x.png"; path = "Img/pull_refresh_arrow@2x.png"; sourceTree = SOURCE_ROOT; };
		65D4889A1C0FDA29001B4D60 /* waterFallCollectionViewCell.xib */ = {isa = PBXFileReference; fileEncoding = 4; lastKnownFileType = file.xib; path = waterFallCollectionViewCell.xib; sourceTree = "<group>"; };
		65D4889C1C101098001B4D60 /* CalculatorViewController.h */ = {isa = PBXFileReference; fileEncoding = 4; lastKnownFileType = sourcecode.c.h; name = CalculatorViewController.h; path = ViewController/CalculatorViewController.h; sourceTree = "<group>"; };
		65D4889D1C101098001B4D60 /* CalculatorViewController.m */ = {isa = PBXFileReference; fileEncoding = 4; lastKnownFileType = sourcecode.c.objc; name = CalculatorViewController.m; path = ViewController/CalculatorViewController.m; sourceTree = "<group>"; };
		65D4889F1C101228001B4D60 /* ImageManager.h */ = {isa = PBXFileReference; fileEncoding = 4; lastKnownFileType = sourcecode.c.h; name = ImageManager.h; path = Common/ImageManager.h; sourceTree = "<group>"; };
		65D488A01C101228001B4D60 /* ImageManager.m */ = {isa = PBXFileReference; fileEncoding = 4; lastKnownFileType = sourcecode.c.objc; name = ImageManager.m; path = Common/ImageManager.m; sourceTree = "<group>"; };
		65D488A21C102A7D001B4D60 /* PhotosViewController.h */ = {isa = PBXFileReference; fileEncoding = 4; lastKnownFileType = sourcecode.c.h; path = PhotosViewController.h; sourceTree = "<group>"; };
		65D488A31C102A7D001B4D60 /* PhotosViewController.m */ = {isa = PBXFileReference; fileEncoding = 4; lastKnownFileType = sourcecode.c.objc; path = PhotosViewController.m; sourceTree = "<group>"; };
		65D488A51C104387001B4D60 /* CoreDataManager.h */ = {isa = PBXFileReference; fileEncoding = 4; lastKnownFileType = sourcecode.c.h; name = CoreDataManager.h; path = Common/CoreDataManager.h; sourceTree = "<group>"; };
		65D488A61C104387001B4D60 /* CoreDataManager.m */ = {isa = PBXFileReference; fileEncoding = 4; lastKnownFileType = sourcecode.c.objc; name = CoreDataManager.m; path = Common/CoreDataManager.m; sourceTree = "<group>"; };
		65D488AD1C104C56001B4D60 /* Photo+CoreDataProperties.h */ = {isa = PBXFileReference; fileEncoding = 4; lastKnownFileType = sourcecode.c.h; name = "Photo+CoreDataProperties.h"; path = "Model/Photo+CoreDataProperties.h"; sourceTree = "<group>"; };
		65D488AE1C104C56001B4D60 /* Photo+CoreDataProperties.m */ = {isa = PBXFileReference; fileEncoding = 4; lastKnownFileType = sourcecode.c.objc; name = "Photo+CoreDataProperties.m"; path = "Model/Photo+CoreDataProperties.m"; sourceTree = "<group>"; };
		65D488AF1C104C56001B4D60 /* Photo.h */ = {isa = PBXFileReference; fileEncoding = 4; lastKnownFileType = sourcecode.c.h; name = Photo.h; path = Model/Photo.h; sourceTree = "<group>"; };
		65D488B01C104C56001B4D60 /* Photo.m */ = {isa = PBXFileReference; fileEncoding = 4; lastKnownFileType = sourcecode.c.objc; name = Photo.m; path = Model/Photo.m; sourceTree = "<group>"; };
		65D8FF891BF3273B00211001 /* LoginManager.h */ = {isa = PBXFileReference; fileEncoding = 4; lastKnownFileType = sourcecode.c.h; name = LoginManager.h; path = Model/LoginManager.h; sourceTree = "<group>"; };
		65D8FF8A1BF3273B00211001 /* LoginManager.m */ = {isa = PBXFileReference; fileEncoding = 4; lastKnownFileType = sourcecode.c.objc; name = LoginManager.m; path = Model/LoginManager.m; sourceTree = "<group>"; };
		65E3A39E1C0D700D000CDE67 /* RegistrationView.h */ = {isa = PBXFileReference; fileEncoding = 4; lastKnownFileType = sourcecode.c.h; name = RegistrationView.h; path = View/RegistrationView.h; sourceTree = "<group>"; };
		65E3A39F1C0D700D000CDE67 /* RegistrationView.m */ = {isa = PBXFileReference; fileEncoding = 4; lastKnownFileType = sourcecode.c.objc; name = RegistrationView.m; path = View/RegistrationView.m; sourceTree = "<group>"; };
		65E3A3A81C0D70E3000CDE67 /* File */ = {isa = PBXFileReference; fileEncoding = 4; lastKnownFileType = text; name = File; path = Vonder/Masonry/File; sourceTree = "<group>"; };
		65E3A3A91C0D70E3000CDE67 /* MASCompositeConstraint.h */ = {isa = PBXFileReference; fileEncoding = 4; lastKnownFileType = sourcecode.c.h; name = MASCompositeConstraint.h; path = Vonder/Masonry/MASCompositeConstraint.h; sourceTree = "<group>"; };
		65E3A3AA1C0D70E3000CDE67 /* MASCompositeConstraint.m */ = {isa = PBXFileReference; fileEncoding = 4; lastKnownFileType = sourcecode.c.objc; name = MASCompositeConstraint.m; path = Vonder/Masonry/MASCompositeConstraint.m; sourceTree = "<group>"; };
		65E3A3AB1C0D70E3000CDE67 /* MASConstraint.h */ = {isa = PBXFileReference; fileEncoding = 4; lastKnownFileType = sourcecode.c.h; name = MASConstraint.h; path = Vonder/Masonry/MASConstraint.h; sourceTree = "<group>"; };
		65E3A3AC1C0D70E3000CDE67 /* MASConstraint.m */ = {isa = PBXFileReference; fileEncoding = 4; lastKnownFileType = sourcecode.c.objc; name = MASConstraint.m; path = Vonder/Masonry/MASConstraint.m; sourceTree = "<group>"; };
		65E3A3AD1C0D70E3000CDE67 /* MASConstraint+Private.h */ = {isa = PBXFileReference; fileEncoding = 4; lastKnownFileType = sourcecode.c.h; name = "MASConstraint+Private.h"; path = "Vonder/Masonry/MASConstraint+Private.h"; sourceTree = "<group>"; };
		65E3A3AE1C0D70E3000CDE67 /* MASConstraintMaker.h */ = {isa = PBXFileReference; fileEncoding = 4; lastKnownFileType = sourcecode.c.h; name = MASConstraintMaker.h; path = Vonder/Masonry/MASConstraintMaker.h; sourceTree = "<group>"; };
		65E3A3AF1C0D70E3000CDE67 /* MASConstraintMaker.m */ = {isa = PBXFileReference; fileEncoding = 4; lastKnownFileType = sourcecode.c.objc; name = MASConstraintMaker.m; path = Vonder/Masonry/MASConstraintMaker.m; sourceTree = "<group>"; };
		65E3A3B01C0D70E3000CDE67 /* MASLayoutConstraint.h */ = {isa = PBXFileReference; fileEncoding = 4; lastKnownFileType = sourcecode.c.h; name = MASLayoutConstraint.h; path = Vonder/Masonry/MASLayoutConstraint.h; sourceTree = "<group>"; };
		65E3A3B11C0D70E3000CDE67 /* MASLayoutConstraint.m */ = {isa = PBXFileReference; fileEncoding = 4; lastKnownFileType = sourcecode.c.objc; name = MASLayoutConstraint.m; path = Vonder/Masonry/MASLayoutConstraint.m; sourceTree = "<group>"; };
		65E3A3B21C0D70E3000CDE67 /* Masonry.h */ = {isa = PBXFileReference; fileEncoding = 4; lastKnownFileType = sourcecode.c.h; name = Masonry.h; path = Vonder/Masonry/Masonry.h; sourceTree = "<group>"; };
		65E3A3B31C0D70E3000CDE67 /* MASUtilities.h */ = {isa = PBXFileReference; fileEncoding = 4; lastKnownFileType = sourcecode.c.h; name = MASUtilities.h; path = Vonder/Masonry/MASUtilities.h; sourceTree = "<group>"; };
		65E3A3B41C0D70E3000CDE67 /* MASViewAttribute.h */ = {isa = PBXFileReference; fileEncoding = 4; lastKnownFileType = sourcecode.c.h; name = MASViewAttribute.h; path = Vonder/Masonry/MASViewAttribute.h; sourceTree = "<group>"; };
		65E3A3B51C0D70E3000CDE67 /* MASViewAttribute.m */ = {isa = PBXFileReference; fileEncoding = 4; lastKnownFileType = sourcecode.c.objc; name = MASViewAttribute.m; path = Vonder/Masonry/MASViewAttribute.m; sourceTree = "<group>"; };
		65E3A3B61C0D70E3000CDE67 /* MASViewConstraint.h */ = {isa = PBXFileReference; fileEncoding = 4; lastKnownFileType = sourcecode.c.h; name = MASViewConstraint.h; path = Vonder/Masonry/MASViewConstraint.h; sourceTree = "<group>"; };
		65E3A3B71C0D70E3000CDE67 /* MASViewConstraint.m */ = {isa = PBXFileReference; fileEncoding = 4; lastKnownFileType = sourcecode.c.objc; name = MASViewConstraint.m; path = Vonder/Masonry/MASViewConstraint.m; sourceTree = "<group>"; };
		65E3A3B81C0D70E3000CDE67 /* NSArray+MASAdditions.h */ = {isa = PBXFileReference; fileEncoding = 4; lastKnownFileType = sourcecode.c.h; name = "NSArray+MASAdditions.h"; path = "Vonder/Masonry/NSArray+MASAdditions.h"; sourceTree = "<group>"; };
		65E3A3B91C0D70E3000CDE67 /* NSArray+MASAdditions.m */ = {isa = PBXFileReference; fileEncoding = 4; lastKnownFileType = sourcecode.c.objc; name = "NSArray+MASAdditions.m"; path = "Vonder/Masonry/NSArray+MASAdditions.m"; sourceTree = "<group>"; };
		65E3A3BA1C0D70E3000CDE67 /* NSArray+MASShorthandAdditions.h */ = {isa = PBXFileReference; fileEncoding = 4; lastKnownFileType = sourcecode.c.h; name = "NSArray+MASShorthandAdditions.h"; path = "Vonder/Masonry/NSArray+MASShorthandAdditions.h"; sourceTree = "<group>"; };
		65E3A3BB1C0D70E3000CDE67 /* NSLayoutConstraint+MASDebugAdditions.h */ = {isa = PBXFileReference; fileEncoding = 4; lastKnownFileType = sourcecode.c.h; name = "NSLayoutConstraint+MASDebugAdditions.h"; path = "Vonder/Masonry/NSLayoutConstraint+MASDebugAdditions.h"; sourceTree = "<group>"; };
		65E3A3BC1C0D70E3000CDE67 /* NSLayoutConstraint+MASDebugAdditions.m */ = {isa = PBXFileReference; fileEncoding = 4; lastKnownFileType = sourcecode.c.objc; name = "NSLayoutConstraint+MASDebugAdditions.m"; path = "Vonder/Masonry/NSLayoutConstraint+MASDebugAdditions.m"; sourceTree = "<group>"; };
		65E3A3BD1C0D70E3000CDE67 /* View+MASAdditions.h */ = {isa = PBXFileReference; fileEncoding = 4; lastKnownFileType = sourcecode.c.h; name = "View+MASAdditions.h"; path = "Vonder/Masonry/View+MASAdditions.h"; sourceTree = "<group>"; };
		65E3A3BE1C0D70E3000CDE67 /* View+MASAdditions.m */ = {isa = PBXFileReference; fileEncoding = 4; lastKnownFileType = sourcecode.c.objc; name = "View+MASAdditions.m"; path = "Vonder/Masonry/View+MASAdditions.m"; sourceTree = "<group>"; };
		65E3A3BF1C0D70E3000CDE67 /* View+MASShorthandAdditions.h */ = {isa = PBXFileReference; fileEncoding = 4; lastKnownFileType = sourcecode.c.h; name = "View+MASShorthandAdditions.h"; path = "Vonder/Masonry/View+MASShorthandAdditions.h"; sourceTree = "<group>"; };
		65E3A3C01C0D70E3000CDE67 /* ViewController+MASAdditions.h */ = {isa = PBXFileReference; fileEncoding = 4; lastKnownFileType = sourcecode.c.h; name = "ViewController+MASAdditions.h"; path = "Vonder/Masonry/ViewController+MASAdditions.h"; sourceTree = "<group>"; };
		65E3A3C11C0D70E3000CDE67 /* ViewController+MASAdditions.m */ = {isa = PBXFileReference; fileEncoding = 4; lastKnownFileType = sourcecode.c.objc; name = "ViewController+MASAdditions.m"; path = "Vonder/Masonry/ViewController+MASAdditions.m"; sourceTree = "<group>"; };
		65E3A3CD1C0D8ABF000CDE67 /* ChatViewController.h */ = {isa = PBXFileReference; fileEncoding = 4; lastKnownFileType = sourcecode.c.h; name = ChatViewController.h; path = ViewController/ChatViewController.h; sourceTree = "<group>"; };
		65E3A3CE1C0D8ABF000CDE67 /* ChatViewController.m */ = {isa = PBXFileReference; fileEncoding = 4; lastKnownFileType = sourcecode.c.objc; name = ChatViewController.m; path = ViewController/ChatViewController.m; sourceTree = "<group>"; };
		65E3A3D01C0D8B5C000CDE67 /* SettingViewControler.h */ = {isa = PBXFileReference; fileEncoding = 4; lastKnownFileType = sourcecode.c.h; name = SettingViewControler.h; path = ViewController/SettingViewControler.h; sourceTree = "<group>"; };
		65E3A3D11C0D8B5C000CDE67 /* SettingViewControler.m */ = {isa = PBXFileReference; fileEncoding = 4; lastKnownFileType = sourcecode.c.objc; name = SettingViewControler.m; path = ViewController/SettingViewControler.m; sourceTree = "<group>"; };
		65E3A3D31C0D98B9000CDE67 /* WaterFallView.h */ = {isa = PBXFileReference; fileEncoding = 4; lastKnownFileType = sourcecode.c.h; name = WaterFallView.h; path = View/WaterFallView.h; sourceTree = "<group>"; };
		65E3A3D41C0D98B9000CDE67 /* WaterFallView.m */ = {isa = PBXFileReference; fileEncoding = 4; lastKnownFileType = sourcecode.c.objc; name = WaterFallView.m; path = View/WaterFallView.m; sourceTree = "<group>"; };
		65E3A3D91C0D9FFE000CDE67 /* waterFallCollectionViewCell.h */ = {isa = PBXFileReference; fileEncoding = 4; lastKnownFileType = sourcecode.c.h; name = waterFallCollectionViewCell.h; path = cell/waterFallCollectionViewCell.h; sourceTree = "<group>"; };
		65E3A3DA1C0D9FFE000CDE67 /* waterFallCollectionViewCell.m */ = {isa = PBXFileReference; fileEncoding = 4; lastKnownFileType = sourcecode.c.objc; name = waterFallCollectionViewCell.m; path = cell/waterFallCollectionViewCell.m; sourceTree = "<group>"; };
		65E3A3E11C0DA3B8000CDE67 /* CommonDefine.h */ = {isa = PBXFileReference; fileEncoding = 4; lastKnownFileType = sourcecode.c.h; name = CommonDefine.h; path = Common/CommonDefine.h; sourceTree = "<group>"; };
/* End PBXFileReference section */

/* Begin PBXFrameworksBuildPhase section */
		6568DA071BAEED7A005DF5FE /* Frameworks */ = {
			isa = PBXFrameworksBuildPhase;
			buildActionMask = 2147483647;
			files = (
			);
			runOnlyForDeploymentPostprocessing = 0;
		};
		6568DA231BAEED7A005DF5FE /* Frameworks */ = {
			isa = PBXFrameworksBuildPhase;
			buildActionMask = 2147483647;
			files = (
			);
			runOnlyForDeploymentPostprocessing = 0;
		};
/* End PBXFrameworksBuildPhase section */

/* Begin PBXGroup section */
		6568DA011BAEED7A005DF5FE = {
			isa = PBXGroup;
			children = (
				6568DA0C1BAEED7A005DF5FE /* NewProject_9.20 */,
				6568DA291BAEED7A005DF5FE /* NewProject_9.20Tests */,
				6568DA0B1BAEED7A005DF5FE /* Products */,
			);
			sourceTree = "<group>";
		};
		6568DA0B1BAEED7A005DF5FE /* Products */ = {
			isa = PBXGroup;
			children = (
				6568DA0A1BAEED7A005DF5FE /* NewProject_9.20.app */,
				6568DA261BAEED7A005DF5FE /* NewProject_9.20Tests.xctest */,
			);
			name = Products;
			sourceTree = "<group>";
		};
		6568DA0C1BAEED7A005DF5FE /* NewProject_9.20 */ = {
			isa = PBXGroup;
			children = (
				65E3A3DC1C0DA26B000CDE67 /* Common */,
				65E3A3D81C0D9FC1000CDE67 /* cell */,
				65E3A3A21C0D7032000CDE67 /* View */,
				65E3A3A11C0D701C000CDE67 /* Vonder */,
				65D8FF881BF325AF00211001 /* ViewController */,
				65D8FF861BF3256900211001 /* Model */,
				65A944DD1BCB9FED0071FEAB /* New Group */,
				6568DA111BAEED7A005DF5FE /* AppDelegate.h */,
				6568DA121BAEED7A005DF5FE /* AppDelegate.m */,
				6568DA171BAEED7A005DF5FE /* ViewController.h */,
				6568DA181BAEED7A005DF5FE /* ViewController.m */,
				6568DA1A1BAEED7A005DF5FE /* Main.storyboard */,
				6568DA1D1BAEED7A005DF5FE /* Images.xcassets */,
				65A944E11BCBAAE70071FEAB /* Img */,
				6568DA141BAEED7A005DF5FE /* NewProject_9_20.xcdatamodeld */,
				6568DA0D1BAEED7A005DF5FE /* Supporting Files */,
			);
			path = NewProject_9.20;
			sourceTree = "<group>";
		};
		6568DA0D1BAEED7A005DF5FE /* Supporting Files */ = {
			isa = PBXGroup;
			children = (
				6568DA0E1BAEED7A005DF5FE /* Info.plist */,
				6568DA0F1BAEED7A005DF5FE /* main.m */,
			);
			name = "Supporting Files";
			sourceTree = "<group>";
		};
		6568DA291BAEED7A005DF5FE /* NewProject_9.20Tests */ = {
			isa = PBXGroup;
			children = (
				6568DA2C1BAEED7A005DF5FE /* NewProject_9_20Tests.m */,
				6568DA2A1BAEED7A005DF5FE /* Supporting Files */,
			);
			path = NewProject_9.20Tests;
			sourceTree = "<group>";
		};
		6568DA2A1BAEED7A005DF5FE /* Supporting Files */ = {
			isa = PBXGroup;
			children = (
				6568DA2B1BAEED7A005DF5FE /* Info.plist */,
			);
			name = "Supporting Files";
			sourceTree = "<group>";
		};
		65A944DD1BCB9FED0071FEAB /* New Group */ = {
			isa = PBXGroup;
			children = (
				65A944DE1BCBA4650071FEAB /* LoadingView.h */,
				65A944DF1BCBA4650071FEAB /* LoadingView.m */,
			);
			name = "New Group";
			sourceTree = "<group>";
		};
		65A944E11BCBAAE70071FEAB /* Img */ = {
			isa = PBXGroup;
			children = (
				65A944EC1BCBBFB50071FEAB /* pull_refresh_arrow_highlight@2x.png */,
				65A944ED1BCBBFB50071FEAB /* pull_refresh_arrow@2x.png */,
				65A944E81BCBBCA60071FEAB /* 1.png */,
				65A944E91BCBBCA60071FEAB /* blueCall.jpg */,
				65A944E31BCBAB770071FEAB /* whiteCall.png */,
			);
			name = Img;
			sourceTree = "<group>";
		};
		65D8FF861BF3256900211001 /* Model */ = {
			isa = PBXGroup;
			children = (
				65D8FF891BF3273B00211001 /* LoginManager.h */,
				65D8FF8A1BF3273B00211001 /* LoginManager.m */,
				65D488AD1C104C56001B4D60 /* Photo+CoreDataProperties.h */,
				65D488AE1C104C56001B4D60 /* Photo+CoreDataProperties.m */,
				65D488AF1C104C56001B4D60 /* Photo.h */,
				65D488B01C104C56001B4D60 /* Photo.m */,
			);
			name = Model;
			sourceTree = "<group>";
		};
		65D8FF881BF325AF00211001 /* ViewController */ = {
			isa = PBXGroup;
			children = (
				65409B391BF32BCA005E2F2C /* WaterFallFlowViewController.h */,
				65409B3A1BF32BCA005E2F2C /* WaterFallFlowViewController.m */,
				65409B3C1BF32BE7005E2F2C /* LoginViewController.h */,
				65409B3D1BF32BE7005E2F2C /* LoginViewController.m */,
				65E3A3CD1C0D8ABF000CDE67 /* ChatViewController.h */,
				65E3A3CE1C0D8ABF000CDE67 /* ChatViewController.m */,
				65E3A3D01C0D8B5C000CDE67 /* SettingViewControler.h */,
				65E3A3D11C0D8B5C000CDE67 /* SettingViewControler.m */,
				65D4889C1C101098001B4D60 /* CalculatorViewController.h */,
				65D4889D1C101098001B4D60 /* CalculatorViewController.m */,
				65D488A21C102A7D001B4D60 /* PhotosViewController.h */,
				65D488A31C102A7D001B4D60 /* PhotosViewController.m */,
			);
			name = ViewController;
			sourceTree = "<group>";
		};
		65E3A3A11C0D701C000CDE67 /* Vonder */ = {
			isa = PBXGroup;
			children = (
				65E3A3A71C0D70BC000CDE67 /* Masonry */,
			);
			name = Vonder;
			sourceTree = "<group>";
		};
		65E3A3A21C0D7032000CDE67 /* View */ = {
			isa = PBXGroup;
			children = (
				65E3A39E1C0D700D000CDE67 /* RegistrationView.h */,
				65E3A39F1C0D700D000CDE67 /* RegistrationView.m */,
				65E3A3D31C0D98B9000CDE67 /* WaterFallView.h */,
				65E3A3D41C0D98B9000CDE67 /* WaterFallView.m */,
			);
			name = View;
			sourceTree = "<group>";
		};
		65E3A3A71C0D70BC000CDE67 /* Masonry */ = {
			isa = PBXGroup;
			children = (
				65E3A3A81C0D70E3000CDE67 /* File */,
				65E3A3A91C0D70E3000CDE67 /* MASCompositeConstraint.h */,
				65E3A3AA1C0D70E3000CDE67 /* MASCompositeConstraint.m */,
				65E3A3AB1C0D70E3000CDE67 /* MASConstraint.h */,
				65E3A3AC1C0D70E3000CDE67 /* MASConstraint.m */,
				65E3A3AD1C0D70E3000CDE67 /* MASConstraint+Private.h */,
				65E3A3AE1C0D70E3000CDE67 /* MASConstraintMaker.h */,
				65E3A3AF1C0D70E3000CDE67 /* MASConstraintMaker.m */,
				65E3A3B01C0D70E3000CDE67 /* MASLayoutConstraint.h */,
				65E3A3B11C0D70E3000CDE67 /* MASLayoutConstraint.m */,
				65E3A3B21C0D70E3000CDE67 /* Masonry.h */,
				65E3A3B31C0D70E3000CDE67 /* MASUtilities.h */,
				65E3A3B41C0D70E3000CDE67 /* MASViewAttribute.h */,
				65E3A3B51C0D70E3000CDE67 /* MASViewAttribute.m */,
				65E3A3B61C0D70E3000CDE67 /* MASViewConstraint.h */,
				65E3A3B71C0D70E3000CDE67 /* MASViewConstraint.m */,
				65E3A3B81C0D70E3000CDE67 /* NSArray+MASAdditions.h */,
				65E3A3B91C0D70E3000CDE67 /* NSArray+MASAdditions.m */,
				65E3A3BA1C0D70E3000CDE67 /* NSArray+MASShorthandAdditions.h */,
				65E3A3BB1C0D70E3000CDE67 /* NSLayoutConstraint+MASDebugAdditions.h */,
				65E3A3BC1C0D70E3000CDE67 /* NSLayoutConstraint+MASDebugAdditions.m */,
				65E3A3BD1C0D70E3000CDE67 /* View+MASAdditions.h */,
				65E3A3BE1C0D70E3000CDE67 /* View+MASAdditions.m */,
				65E3A3BF1C0D70E3000CDE67 /* View+MASShorthandAdditions.h */,
				65E3A3C01C0D70E3000CDE67 /* ViewController+MASAdditions.h */,
				65E3A3C11C0D70E3000CDE67 /* ViewController+MASAdditions.m */,
			);
			name = Masonry;
			sourceTree = "<group>";
		};
		65E3A3D81C0D9FC1000CDE67 /* cell */ = {
			isa = PBXGroup;
			children = (
				65E3A3D91C0D9FFE000CDE67 /* waterFallCollectionViewCell.h */,
				65E3A3DA1C0D9FFE000CDE67 /* waterFallCollectionViewCell.m */,
				65D4889A1C0FDA29001B4D60 /* waterFallCollectionViewCell.xib */,
			);
			name = cell;
			sourceTree = "<group>";
		};
		65E3A3DC1C0DA26B000CDE67 /* Common */ = {
			isa = PBXGroup;
			children = (
				65E3A3E11C0DA3B8000CDE67 /* CommonDefine.h */,
				65D4889F1C101228001B4D60 /* ImageManager.h */,
				65D488A01C101228001B4D60 /* ImageManager.m */,
				65D488A51C104387001B4D60 /* CoreDataManager.h */,
				65D488A61C104387001B4D60 /* CoreDataManager.m */,
			);
			name = Common;
			sourceTree = "<group>";
		};
/* End PBXGroup section */

/* Begin PBXNativeTarget section */
		6568DA091BAEED7A005DF5FE /* NewProject_9.20 */ = {
			isa = PBXNativeTarget;
			buildConfigurationList = 6568DA301BAEED7A005DF5FE /* Build configuration list for PBXNativeTarget "NewProject_9.20" */;
			buildPhases = (
				6568DA061BAEED7A005DF5FE /* Sources */,
				6568DA071BAEED7A005DF5FE /* Frameworks */,
				6568DA081BAEED7A005DF5FE /* Resources */,
			);
			buildRules = (
			);
			dependencies = (
			);
			name = NewProject_9.20;
			productName = NewProject_9.20;
			productReference = 6568DA0A1BAEED7A005DF5FE /* NewProject_9.20.app */;
			productType = "com.apple.product-type.application";
		};
		6568DA251BAEED7A005DF5FE /* NewProject_9.20Tests */ = {
			isa = PBXNativeTarget;
			buildConfigurationList = 6568DA331BAEED7A005DF5FE /* Build configuration list for PBXNativeTarget "NewProject_9.20Tests" */;
			buildPhases = (
				6568DA221BAEED7A005DF5FE /* Sources */,
				6568DA231BAEED7A005DF5FE /* Frameworks */,
				6568DA241BAEED7A005DF5FE /* Resources */,
			);
			buildRules = (
			);
			dependencies = (
				6568DA281BAEED7A005DF5FE /* PBXTargetDependency */,
			);
			name = NewProject_9.20Tests;
			productName = NewProject_9.20Tests;
			productReference = 6568DA261BAEED7A005DF5FE /* NewProject_9.20Tests.xctest */;
			productType = "com.apple.product-type.bundle.unit-test";
		};
/* End PBXNativeTarget section */

/* Begin PBXProject section */
		6568DA021BAEED7A005DF5FE /* Project object */ = {
			isa = PBXProject;
			attributes = {
				LastUpgradeCheck = 0640;
				ORGANIZATIONNAME = "闫名月";
				TargetAttributes = {
					6568DA091BAEED7A005DF5FE = {
						CreatedOnToolsVersion = 6.4;
						DevelopmentTeam = VJZU8WB3QU;
					};
					6568DA251BAEED7A005DF5FE = {
						CreatedOnToolsVersion = 6.4;
						TestTargetID = 6568DA091BAEED7A005DF5FE;
					};
				};
			};
			buildConfigurationList = 6568DA051BAEED7A005DF5FE /* Build configuration list for PBXProject "NewProject_9.20" */;
			compatibilityVersion = "Xcode 3.2";
			developmentRegion = English;
			hasScannedForEncodings = 0;
			knownRegions = (
				en,
				Base,
			);
			mainGroup = 6568DA011BAEED7A005DF5FE;
			productRefGroup = 6568DA0B1BAEED7A005DF5FE /* Products */;
			projectDirPath = "";
			projectRoot = "";
			targets = (
				6568DA091BAEED7A005DF5FE /* NewProject_9.20 */,
				6568DA251BAEED7A005DF5FE /* NewProject_9.20Tests */,
			);
		};
/* End PBXProject section */

/* Begin PBXResourcesBuildPhase section */
		6568DA081BAEED7A005DF5FE /* Resources */ = {
			isa = PBXResourcesBuildPhase;
			buildActionMask = 2147483647;
			files = (
				6568DA1C1BAEED7A005DF5FE /* Main.storyboard in Resources */,
				65D4889B1C0FDA29001B4D60 /* waterFallCollectionViewCell.xib in Resources */,
				6568DA1E1BAEED7A005DF5FE /* Images.xcassets in Resources */,
				65A944EF1BCBBFB50071FEAB /* pull_refresh_arrow@2x.png in Resources */,
				65A944EE1BCBBFB50071FEAB /* pull_refresh_arrow_highlight@2x.png in Resources */,
				65A944EB1BCBBCA60071FEAB /* blueCall.jpg in Resources */,
				65A944EA1BCBBCA60071FEAB /* 1.png in Resources */,
				65A944E51BCBAB770071FEAB /* whiteCall.png in Resources */,
				65E3A3C21C0D70E3000CDE67 /* File in Resources */,
			);
			runOnlyForDeploymentPostprocessing = 0;
		};
		6568DA241BAEED7A005DF5FE /* Resources */ = {
			isa = PBXResourcesBuildPhase;
			buildActionMask = 2147483647;
			files = (
			);
			runOnlyForDeploymentPostprocessing = 0;
		};
/* End PBXResourcesBuildPhase section */

/* Begin PBXSourcesBuildPhase section */
		6568DA061BAEED7A005DF5FE /* Sources */ = {
			isa = PBXSourcesBuildPhase;
			buildActionMask = 2147483647;
			files = (
				65E3A3C81C0D70E3000CDE67 /* MASViewConstraint.m in Sources */,
				65409B3E1BF32BE7005E2F2C /* LoginViewController.m in Sources */,
				65E3A3CF1C0D8ABF000CDE67 /* ChatViewController.m in Sources */,
				65E3A3C71C0D70E3000CDE67 /* MASViewAttribute.m in Sources */,
				6568DA161BAEED7A005DF5FE /* NewProject_9_20.xcdatamodeld in Sources */,
				65A944E01BCBA4650071FEAB /* LoadingView.m in Sources */,
				65E3A3A01C0D700D000CDE67 /* RegistrationView.m in Sources */,
				65E3A3C31C0D70E3000CDE67 /* MASCompositeConstraint.m in Sources */,
				65E3A3C51C0D70E3000CDE67 /* MASConstraintMaker.m in Sources */,
				65E3A3CB1C0D70E3000CDE67 /* View+MASAdditions.m in Sources */,
				65D488B11C104C56001B4D60 /* Photo+CoreDataProperties.m in Sources */,
				65E3A3C61C0D70E3000CDE67 /* MASLayoutConstraint.m in Sources */,
				65D488A41C102A7D001B4D60 /* PhotosViewController.m in Sources */,
				65E3A3D51C0D98B9000CDE67 /* WaterFallView.m in Sources */,
				65E3A3CC1C0D70E3000CDE67 /* ViewController+MASAdditions.m in Sources */,
				65E3A3C41C0D70E3000CDE67 /* MASConstraint.m in Sources */,
				65D488B21C104C56001B4D60 /* Photo.m in Sources */,
				65D4889E1C101098001B4D60 /* CalculatorViewController.m in Sources */,
				65E3A3D21C0D8B5C000CDE67 /* SettingViewControler.m in Sources */,
				6568DA131BAEED7A005DF5FE /* AppDelegate.m in Sources */,
				65D488A11C101228001B4D60 /* ImageManager.m in Sources */,
				65D8FF8B1BF3273B00211001 /* LoginManager.m in Sources */,
				65E3A3C91C0D70E3000CDE67 /* NSArray+MASAdditions.m in Sources */,
				65D488A71C104387001B4D60 /* CoreDataManager.m in Sources */,
				65E3A3CA1C0D70E3000CDE67 /* NSLayoutConstraint+MASDebugAdditions.m in Sources */,
				6568DA191BAEED7A005DF5FE /* ViewController.m in Sources */,
				65409B3B1BF32BCA005E2F2C /* WaterFallFlowViewController.m in Sources */,
				65E3A3DB1C0D9FFE000CDE67 /* waterFallCollectionViewCell.m in Sources */,
				6568DA101BAEED7A005DF5FE /* main.m in Sources */,
			);
			runOnlyForDeploymentPostprocessing = 0;
		};
		6568DA221BAEED7A005DF5FE /* Sources */ = {
			isa = PBXSourcesBuildPhase;
			buildActionMask = 2147483647;
			files = (
				6568DA2D1BAEED7A005DF5FE /* NewProject_9_20Tests.m in Sources */,
			);
			runOnlyForDeploymentPostprocessing = 0;
		};
/* End PBXSourcesBuildPhase section */

/* Begin PBXTargetDependency section */
		6568DA281BAEED7A005DF5FE /* PBXTargetDependency */ = {
			isa = PBXTargetDependency;
			target = 6568DA091BAEED7A005DF5FE /* NewProject_9.20 */;
			targetProxy = 6568DA271BAEED7A005DF5FE /* PBXContainerItemProxy */;
		};
/* End PBXTargetDependency section */

/* Begin PBXVariantGroup section */
		6568DA1A1BAEED7A005DF5FE /* Main.storyboard */ = {
			isa = PBXVariantGroup;
			children = (
				6568DA1B1BAEED7A005DF5FE /* Base */,
			);
			name = Main.storyboard;
			sourceTree = "<group>";
		};
/* End PBXVariantGroup section */

/* Begin XCBuildConfiguration section */
		6568DA2E1BAEED7A005DF5FE /* Debug */ = {
			isa = XCBuildConfiguration;
			buildSettings = {
				ALWAYS_SEARCH_USER_PATHS = NO;
				CLANG_CXX_LANGUAGE_STANDARD = "gnu++0x";
				CLANG_CXX_LIBRARY = "libc++";
				CLANG_ENABLE_MODULES = YES;
				CLANG_ENABLE_OBJC_ARC = YES;
				CLANG_WARN_BOOL_CONVERSION = YES;
				CLANG_WARN_CONSTANT_CONVERSION = YES;
				CLANG_WARN_DIRECT_OBJC_ISA_USAGE = YES_ERROR;
				CLANG_WARN_EMPTY_BODY = YES;
				CLANG_WARN_ENUM_CONVERSION = YES;
				CLANG_WARN_INT_CONVERSION = YES;
				CLANG_WARN_OBJC_ROOT_CLASS = YES_ERROR;
				CLANG_WARN_UNREACHABLE_CODE = YES;
				CLANG_WARN__DUPLICATE_METHOD_MATCH = YES;
				"CODE_SIGN_IDENTITY[sdk=iphoneos*]" = "iPhone Developer";
				COPY_PHASE_STRIP = NO;
				DEBUG_INFORMATION_FORMAT = "dwarf-with-dsym";
				ENABLE_STRICT_OBJC_MSGSEND = YES;
				GCC_C_LANGUAGE_STANDARD = gnu99;
				GCC_DYNAMIC_NO_PIC = NO;
				GCC_NO_COMMON_BLOCKS = YES;
				GCC_OPTIMIZATION_LEVEL = 0;
				GCC_PREPROCESSOR_DEFINITIONS = (
					"DEBUG=1",
					"$(inherited)",
				);
				GCC_SYMBOLS_PRIVATE_EXTERN = NO;
				GCC_WARN_64_TO_32_BIT_CONVERSION = YES;
				GCC_WARN_ABOUT_RETURN_TYPE = YES_ERROR;
				GCC_WARN_UNDECLARED_SELECTOR = YES;
				GCC_WARN_UNINITIALIZED_AUTOS = YES_AGGRESSIVE;
				GCC_WARN_UNUSED_FUNCTION = YES;
				GCC_WARN_UNUSED_VARIABLE = YES;
				IPHONEOS_DEPLOYMENT_TARGET = 8.4;
				MTL_ENABLE_DEBUG_INFO = YES;
				ONLY_ACTIVE_ARCH = YES;
				SDKROOT = iphoneos;
			};
			name = Debug;
		};
		6568DA2F1BAEED7A005DF5FE /* Release */ = {
			isa = XCBuildConfiguration;
			buildSettings = {
				ALWAYS_SEARCH_USER_PATHS = NO;
				CLANG_CXX_LANGUAGE_STANDARD = "gnu++0x";
				CLANG_CXX_LIBRARY = "libc++";
				CLANG_ENABLE_MODULES = YES;
				CLANG_ENABLE_OBJC_ARC = YES;
				CLANG_WARN_BOOL_CONVERSION = YES;
				CLANG_WARN_CONSTANT_CONVERSION = YES;
				CLANG_WARN_DIRECT_OBJC_ISA_USAGE = YES_ERROR;
				CLANG_WARN_EMPTY_BODY = YES;
				CLANG_WARN_ENUM_CONVERSION = YES;
				CLANG_WARN_INT_CONVERSION = YES;
				CLANG_WARN_OBJC_ROOT_CLASS = YES_ERROR;
				CLANG_WARN_UNREACHABLE_CODE = YES;
				CLANG_WARN__DUPLICATE_METHOD_MATCH = YES;
				"CODE_SIGN_IDENTITY[sdk=iphoneos*]" = "iPhone Developer";
				COPY_PHASE_STRIP = NO;
				DEBUG_INFORMATION_FORMAT = "dwarf-with-dsym";
				ENABLE_NS_ASSERTIONS = NO;
				ENABLE_STRICT_OBJC_MSGSEND = YES;
				GCC_C_LANGUAGE_STANDARD = gnu99;
				GCC_NO_COMMON_BLOCKS = YES;
				GCC_WARN_64_TO_32_BIT_CONVERSION = YES;
				GCC_WARN_ABOUT_RETURN_TYPE = YES_ERROR;
				GCC_WARN_UNDECLARED_SELECTOR = YES;
				GCC_WARN_UNINITIALIZED_AUTOS = YES_AGGRESSIVE;
				GCC_WARN_UNUSED_FUNCTION = YES;
				GCC_WARN_UNUSED_VARIABLE = YES;
				IPHONEOS_DEPLOYMENT_TARGET = 8.4;
				MTL_ENABLE_DEBUG_INFO = NO;
				SDKROOT = iphoneos;
				VALIDATE_PRODUCT = YES;
			};
			name = Release;
		};
		6568DA311BAEED7A005DF5FE /* Debug */ = {
			isa = XCBuildConfiguration;
			buildSettings = {
				ASSETCATALOG_COMPILER_APPICON_NAME = AppIcon;
				CODE_SIGN_IDENTITY = "iPhone Developer";
				"CODE_SIGN_IDENTITY[sdk=iphoneos*]" = "iPhone Developer";
				INFOPLIST_FILE = NewProject_9.20/Info.plist;
				LD_RUNPATH_SEARCH_PATHS = "$(inherited) @executable_path/Frameworks";
				PRODUCT_NAME = "$(TARGET_NAME)";
				PROVISIONING_PROFILE = "";
			};
			name = Debug;
		};
		6568DA321BAEED7A005DF5FE /* Release */ = {
			isa = XCBuildConfiguration;
			buildSettings = {
				ASSETCATALOG_COMPILER_APPICON_NAME = AppIcon;
				CODE_SIGN_IDENTITY = "iPhone Developer";
				"CODE_SIGN_IDENTITY[sdk=iphoneos*]" = "iPhone Developer";
				INFOPLIST_FILE = NewProject_9.20/Info.plist;
				LD_RUNPATH_SEARCH_PATHS = "$(inherited) @executable_path/Frameworks";
				PRODUCT_NAME = "$(TARGET_NAME)";
				PROVISIONING_PROFILE = "";
			};
			name = Release;
		};
		6568DA341BAEED7A005DF5FE /* Debug */ = {
			isa = XCBuildConfiguration;
			buildSettings = {
				BUNDLE_LOADER = "$(TEST_HOST)";
				FRAMEWORK_SEARCH_PATHS = (
					"$(SDKROOT)/Developer/Library/Frameworks",
					"$(inherited)",
				);
				GCC_PREPROCESSOR_DEFINITIONS = (
					"DEBUG=1",
					"$(inherited)",
				);
				INFOPLIST_FILE = NewProject_9.20Tests/Info.plist;
				LD_RUNPATH_SEARCH_PATHS = "$(inherited) @executable_path/Frameworks @loader_path/Frameworks";
				PRODUCT_NAME = "$(TARGET_NAME)";
				TEST_HOST = "$(BUILT_PRODUCTS_DIR)/NewProject_9.20.app/NewProject_9.20";
			};
			name = Debug;
		};
		6568DA351BAEED7A005DF5FE /* Release */ = {
			isa = XCBuildConfiguration;
			buildSettings = {
				BUNDLE_LOADER = "$(TEST_HOST)";
				FRAMEWORK_SEARCH_PATHS = (
					"$(SDKROOT)/Developer/Library/Frameworks",
					"$(inherited)",
				);
				INFOPLIST_FILE = NewProject_9.20Tests/Info.plist;
				LD_RUNPATH_SEARCH_PATHS = "$(inherited) @executable_path/Frameworks @loader_path/Frameworks";
				PRODUCT_NAME = "$(TARGET_NAME)";
				TEST_HOST = "$(BUILT_PRODUCTS_DIR)/NewProject_9.20.app/NewProject_9.20";
			};
			name = Release;
		};
/* End XCBuildConfiguration section */

/* Begin XCConfigurationList section */
		6568DA051BAEED7A005DF5FE /* Build configuration list for PBXProject "NewProject_9.20" */ = {
			isa = XCConfigurationList;
			buildConfigurations = (
				6568DA2E1BAEED7A005DF5FE /* Debug */,
				6568DA2F1BAEED7A005DF5FE /* Release */,
			);
			defaultConfigurationIsVisible = 0;
			defaultConfigurationName = Release;
		};
		6568DA301BAEED7A005DF5FE /* Build configuration list for PBXNativeTarget "NewProject_9.20" */ = {
			isa = XCConfigurationList;
			buildConfigurations = (
				6568DA311BAEED7A005DF5FE /* Debug */,
				6568DA321BAEED7A005DF5FE /* Release */,
			);
			defaultConfigurationIsVisible = 0;
			defaultConfigurationName = Release;
		};
		6568DA331BAEED7A005DF5FE /* Build configuration list for PBXNativeTarget "NewProject_9.20Tests" */ = {
			isa = XCConfigurationList;
			buildConfigurations = (
				6568DA341BAEED7A005DF5FE /* Debug */,
				6568DA351BAEED7A005DF5FE /* Release */,
			);
			defaultConfigurationIsVisible = 0;
			defaultConfigurationName = Release;
		};
/* End XCConfigurationList section */

/* Begin XCVersionGroup section */
		6568DA141BAEED7A005DF5FE /* NewProject_9_20.xcdatamodeld */ = {
			isa = XCVersionGroup;
			children = (
				6568DA151BAEED7A005DF5FE /* NewProject_9_20.xcdatamodel */,
			);
			currentVersion = 6568DA151BAEED7A005DF5FE /* NewProject_9_20.xcdatamodel */;
			path = NewProject_9_20.xcdatamodeld;
			sourceTree = "<group>";
			versionGroupType = wrapper.xcdatamodel;
		};
/* End XCVersionGroup section */
	};
	rootObject = 6568DA021BAEED7A005DF5FE /* Project object */;
}
